<?xml version="1.0" encoding="utf-8"?>
<Project ToolsVersion="4.0" xmlns="http://schemas.microsoft.com/developer/msbuild/2003">
  <ItemGroup>
    <Filter Include="Source Files">
      <UniqueIdentifier>{4FC737F1-C7A5-4376-A066-2A32D752A2FF}</UniqueIdentifier>
      <Extensions>cpp;c;cc;cxx;c++;def;odl;idl;hpj;bat;asm;asmx</Extensions>
    </Filter>
    <Filter Include="GitCtl">
      <UniqueIdentifier>{06a9b445-e819-4855-b835-2d4ae543808a}</UniqueIdentifier>
    </Filter>
    <Filter Include="BranchView">
      <UniqueIdentifier>{8f7f4565-ed33-49d3-935e-a56ff3da1661}</UniqueIdentifier>
    </Filter>
    <Filter Include="Plugin">
      <UniqueIdentifier>{4fd46f47-0030-4400-b064-50f973fedbed}</UniqueIdentifier>
    </Filter>
    <Filter Include="Dialogs">
      <UniqueIdentifier>{a02a0196-e901-44a4-90a7-6be9b39123f5}</UniqueIdentifier>
    </Filter>
  </ItemGroup>
  <ItemGroup>
    <ClCompile Include="main.cpp">
      <Filter>Source Files</Filter>
    </ClCompile>
    <ClCompile Include="gitctl.cpp">
      <Filter>GitCtl</Filter>
    </ClCompile>
    <ClCompile Include="BranchView.cpp">
      <Filter>BranchView</Filter>
    </ClCompile>
    <ClCompile Include="Plugin.cpp">
      <Filter>Plugin</Filter>
    </ClCompile>
    <ClCompile Include="BranchDlg.cpp">
      <Filter>Dialogs</Filter>
    </ClCompile>
    <ClCompile Include="dbg.cpp">
      <Filter>Source Files</Filter>
    </ClCompile>
  </ItemGroup>
  <ItemGroup>
    <None Include="exports.def">
      <Filter>Source Files</Filter>
    </None>
  </ItemGroup>
  <ItemGroup>
    <ClInclude Include="gitctl.hpp">
      <Filter>GitCtl</Filter>
    </ClInclude>
    <ClInclude Include="BranchView.hpp">
      <Filter>BranchView</Filter>
    </ClInclude>
    <ClInclude Include="main.h">
      <Filter>Source Files</Filter>
    </ClInclude>
    <ClInclude Include="Plugin.hpp">
      <Filter>Plugin</Filter>
    </ClInclude>
    <ClInclude Include="BranchDlg.hpp">
      <Filter>Dialogs</Filter>
    </ClInclude>
    <ClInclude Include="dbg.hpp">
      <Filter>Source Files</Filter>
    </ClInclude>
  </ItemGroup>
</Project>